
Microsoft Visual Studio Solution File, Format Version 12.00
Project("{FAE04EC0-301F-11D3-BF4B-00C04F79EFBC}") = "NumbersEndingin7", "NumbersEndingin7\NumbersEndingin7.csproj", "{1F6058B0-21DC-4F66-9211-A38E8114A942}"
EndProject
Project("{FAE04EC0-301F-11D3-BF4B-00C04F79EFBC}") = "HalfSumElement", "HalfSumElement\HalfSumElement.csproj", "{CFDC024F-3A3B-44AC-935C-96F5DD6E4057}"
EndProject
Project("{FAE04EC0-301F-11D3-BF4B-00C04F79EFBC}") = "Histogram", "Histogram\Histogram.csproj", "{C0C944EE-B79D-4DFE-9FDC-C291699BFF96}"
EndProject
Project("{FAE04EC0-301F-11D3-BF4B-00C04F79EFBC}") = "CleverLily", "CleverLily\CleverLily.csproj", "{C4D03858-2A62-42AA-BF83-CA1C16AD0A7A}"
EndProject
Project("{FAE04EC0-301F-11D3-BF4B-00C04F79EFBC}") = "Salary", "Salary\Salary.csproj", "{793FEFA1-5CF8-462B-BA39-D40D6494336B}"
EndProject
Project("{FAE04EC0-301F-11D3-BF4B-00C04F79EFBC}") = "Oscars", "Oscars\Oscars.csproj", "{4D45D8FD-6DCC-438E-B685-22F587415D81}"
EndProject
Project("{FAE04EC0-301F-11D3-BF4B-00C04F79EFBC}") = "TrekkingMania", "TrekkingMania\TrekkingMania.csproj", "{35152765-2BCC-4A4C-A2C0-19EB546644E0}"
EndProject
Global
	GlobalSection(SolutionConfigurationPlatforms) = preSolution
		Debug|Any CPU = Debug|Any CPU
		Release|Any CPU = Release|Any CPU
	EndGlobalSection
	GlobalSection(ProjectConfigurationPlatforms) = postSolution
		{1F6058B0-21DC-4F66-9211-A38E8114A942}.Debug|Any CPU.ActiveCfg = Debug|Any CPU
		{1F6058B0-21DC-4F66-9211-A38E8114A942}.Debug|Any CPU.Build.0 = Debug|Any CPU
		{1F6058B0-21DC-4F66-9211-A38E8114A942}.Release|Any CPU.ActiveCfg = Release|Any CPU
		{1F6058B0-21DC-4F66-9211-A38E8114A942}.Release|Any CPU.Build.0 = Release|Any CPU
		{CFDC024F-3A3B-44AC-935C-96F5DD6E4057}.Debug|Any CPU.ActiveCfg = Debug|Any CPU
		{CFDC024F-3A3B-44AC-935C-96F5DD6E4057}.Debug|Any CPU.Build.0 = Debug|Any CPU
		{CFDC024F-3A3B-44AC-935C-96F5DD6E4057}.Release|Any CPU.ActiveCfg = Release|Any CPU
		{CFDC024F-3A3B-44AC-935C-96F5DD6E4057}.Release|Any CPU.Build.0 = Release|Any CPU
		{C0C944EE-B79D-4DFE-9FDC-C291699BFF96}.Debug|Any CPU.ActiveCfg = Debug|Any CPU
		{C0C944EE-B79D-4DFE-9FDC-C291699BFF96}.Debug|Any CPU.Build.0 = Debug|Any CPU
		{C0C944EE-B79D-4DFE-9FDC-C291699BFF96}.Release|Any CPU.ActiveCfg = Release|Any CPU
		{C0C944EE-B79D-4DFE-9FDC-C291699BFF96}.Release|Any CPU.Build.0 = Release|Any CPU
		{C4D03858-2A62-42AA-BF83-CA1C16AD0A7A}.Debug|Any CPU.ActiveCfg = Debug|Any CPU
		{C4D03858-2A62-42AA-BF83-CA1C16AD0A7A}.Debug|Any CPU.Build.0 = Debug|Any CPU
		{C4D03858-2A62-42AA-BF83-CA1C16AD0A7A}.Release|Any CPU.ActiveCfg = Release|Any CPU
		{C4D03858-2A62-42AA-BF83-CA1C16AD0A7A}.Release|Any CPU.Build.0 = Release|Any CPU
		{793FEFA1-5CF8-462B-BA39-D40D6494336B}.Debug|Any CPU.ActiveCfg = Debug|Any CPU
		{793FEFA1-5CF8-462B-BA39-D40D6494336B}.Debug|Any CPU.Build.0 = Debug|Any CPU
		{793FEFA1-5CF8-462B-BA39-D40D6494336B}.Release|Any CPU.ActiveCfg = Release|Any CPU
		{793FEFA1-5CF8-462B-BA39-D40D6494336B}.Release|Any CPU.Build.0 = Release|Any CPU
		{4D45D8FD-6DCC-438E-B685-22F587415D81}.Debug|Any CPU.ActiveCfg = Debug|Any CPU
		{4D45D8FD-6DCC-438E-B685-22F587415D81}.Debug|Any CPU.Build.0 = Debug|Any CPU
		{4D45D8FD-6DCC-438E-B685-22F587415D81}.Release|Any CPU.ActiveCfg = Release|Any CPU
		{4D45D8FD-6DCC-438E-B685-22F587415D81}.Release|Any CPU.Build.0 = Release|Any CPU
		{35152765-2BCC-4A4C-A2C0-19EB546644E0}.Debug|Any CPU.ActiveCfg = Debug|Any CPU
		{35152765-2BCC-4A4C-A2C0-19EB546644E0}.Debug|Any CPU.Build.0 = Debug|Any CPU
		{35152765-2BCC-4A4C-A2C0-19EB546644E0}.Release|Any CPU.ActiveCfg = Release|Any CPU
		{35152765-2BCC-4A4C-A2C0-19EB546644E0}.Release|Any CPU.Build.0 = Release|Any CPU
	EndGlobalSection
EndGlobal
