
Microsoft Visual Studio Solution File, Format Version 12.00
Project("{FAE04EC0-301F-11D3-BF4B-00C04F79EFBC}") = "ReadText", "ReadText\ReadText.csproj", "{0AFBD8BD-E36D-4CD8-AB75-07DD7AF5ACF8}"
EndProject
Project("{FAE04EC0-301F-11D3-BF4B-00C04F79EFBC}") = "Password", "Password\Password.csproj", "{1C20EA63-7557-4377-9FB8-65E5FB60E92C}"
EndProject
Project("{FAE04EC0-301F-11D3-BF4B-00C04F79EFBC}") = "SumNumbers", "SumNumbers\SumNumbers.csproj", "{69C705C9-56EB-4098-A1C2-E9AACCC6480B}"
EndProject
Project("{FAE04EC0-301F-11D3-BF4B-00C04F79EFBC}") = "Sequence2k1", "Sequence2k1\Sequence2k1.csproj", "{3A49DA4F-B583-4C2E-97B4-7D5B8B47F18C}"
EndProject
Project("{FAE04EC0-301F-11D3-BF4B-00C04F79EFBC}") = "AccountBalance", "AccountBalance\AccountBalance.csproj", "{F8BBF566-9977-4D0E-A5C0-A42E59A26B66}"
EndProject
Project("{FAE04EC0-301F-11D3-BF4B-00C04F79EFBC}") = "MaxNumber", "MaxNumber\MaxNumber.csproj", "{F4B88C3F-DA93-41DD-9955-8EB06F77E803}"
EndProject
Project("{FAE04EC0-301F-11D3-BF4B-00C04F79EFBC}") = "MinNumber", "MinNumber\MinNumber.csproj", "{CC4D44A9-92AA-40BF-8FBD-BABA483C0E53}"
EndProject
Global
	GlobalSection(SolutionConfigurationPlatforms) = preSolution
		Debug|Any CPU = Debug|Any CPU
		Release|Any CPU = Release|Any CPU
	EndGlobalSection
	GlobalSection(ProjectConfigurationPlatforms) = postSolution
		{0AFBD8BD-E36D-4CD8-AB75-07DD7AF5ACF8}.Debug|Any CPU.ActiveCfg = Debug|Any CPU
		{0AFBD8BD-E36D-4CD8-AB75-07DD7AF5ACF8}.Debug|Any CPU.Build.0 = Debug|Any CPU
		{0AFBD8BD-E36D-4CD8-AB75-07DD7AF5ACF8}.Release|Any CPU.ActiveCfg = Release|Any CPU
		{0AFBD8BD-E36D-4CD8-AB75-07DD7AF5ACF8}.Release|Any CPU.Build.0 = Release|Any CPU
		{1C20EA63-7557-4377-9FB8-65E5FB60E92C}.Debug|Any CPU.ActiveCfg = Debug|Any CPU
		{1C20EA63-7557-4377-9FB8-65E5FB60E92C}.Debug|Any CPU.Build.0 = Debug|Any CPU
		{1C20EA63-7557-4377-9FB8-65E5FB60E92C}.Release|Any CPU.ActiveCfg = Release|Any CPU
		{1C20EA63-7557-4377-9FB8-65E5FB60E92C}.Release|Any CPU.Build.0 = Release|Any CPU
		{69C705C9-56EB-4098-A1C2-E9AACCC6480B}.Debug|Any CPU.ActiveCfg = Debug|Any CPU
		{69C705C9-56EB-4098-A1C2-E9AACCC6480B}.Debug|Any CPU.Build.0 = Debug|Any CPU
		{69C705C9-56EB-4098-A1C2-E9AACCC6480B}.Release|Any CPU.ActiveCfg = Release|Any CPU
		{69C705C9-56EB-4098-A1C2-E9AACCC6480B}.Release|Any CPU.Build.0 = Release|Any CPU
		{3A49DA4F-B583-4C2E-97B4-7D5B8B47F18C}.Debug|Any CPU.ActiveCfg = Debug|Any CPU
		{3A49DA4F-B583-4C2E-97B4-7D5B8B47F18C}.Debug|Any CPU.Build.0 = Debug|Any CPU
		{3A49DA4F-B583-4C2E-97B4-7D5B8B47F18C}.Release|Any CPU.ActiveCfg = Release|Any CPU
		{3A49DA4F-B583-4C2E-97B4-7D5B8B47F18C}.Release|Any CPU.Build.0 = Release|Any CPU
		{F8BBF566-9977-4D0E-A5C0-A42E59A26B66}.Debug|Any CPU.ActiveCfg = Debug|Any CPU
		{F8BBF566-9977-4D0E-A5C0-A42E59A26B66}.Debug|Any CPU.Build.0 = Debug|Any CPU
		{F8BBF566-9977-4D0E-A5C0-A42E59A26B66}.Release|Any CPU.ActiveCfg = Release|Any CPU
		{F8BBF566-9977-4D0E-A5C0-A42E59A26B66}.Release|Any CPU.Build.0 = Release|Any CPU
		{F4B88C3F-DA93-41DD-9955-8EB06F77E803}.Debug|Any CPU.ActiveCfg = Debug|Any CPU
		{F4B88C3F-DA93-41DD-9955-8EB06F77E803}.Debug|Any CPU.Build.0 = Debug|Any CPU
		{F4B88C3F-DA93-41DD-9955-8EB06F77E803}.Release|Any CPU.ActiveCfg = Release|Any CPU
		{F4B88C3F-DA93-41DD-9955-8EB06F77E803}.Release|Any CPU.Build.0 = Release|Any CPU
		{CC4D44A9-92AA-40BF-8FBD-BABA483C0E53}.Debug|Any CPU.ActiveCfg = Debug|Any CPU
		{CC4D44A9-92AA-40BF-8FBD-BABA483C0E53}.Debug|Any CPU.Build.0 = Debug|Any CPU
		{CC4D44A9-92AA-40BF-8FBD-BABA483C0E53}.Release|Any CPU.ActiveCfg = Release|Any CPU
		{CC4D44A9-92AA-40BF-8FBD-BABA483C0E53}.Release|Any CPU.Build.0 = Release|Any CPU
	EndGlobalSection
EndGlobal
