
Microsoft Visual Studio Solution File, Format Version 12.00
Project("{FAE04EC0-301F-11D3-BF4B-00C04F79EFBC}") = "01HelloSoftUni", "01HelloSoftUni\01HelloSoftUni.csproj", "{38F0D9EB-7725-4F6F-A781-D960422DA64E}"
EndProject
Project("{FAE04EC0-301F-11D3-BF4B-00C04F79EFBC}") = "Nums1To10", "Nums1To10\Nums1To10.csproj", "{98ED1540-EABB-4924-A54B-31D807ACC71D}"
EndProject
Project("{FAE04EC0-301F-11D3-BF4B-00C04F79EFBC}") = "RectangleArea", "RectangleArea\RectangleArea.csproj", "{0E9A84B9-B53D-4DE9-AF5A-6F530A6A26EC}"
EndProject
Project("{FAE04EC0-301F-11D3-BF4B-00C04F79EFBC}") = "InchestoCentimeters", "InchestoCentimeters\InchestoCentimeters.csproj", "{96B44819-A0E5-461E-A6BB-599B80CA2A17}"
EndProject
Project("{FAE04EC0-301F-11D3-BF4B-00C04F79EFBC}") = "GreetingbyName", "GreetingbyName\GreetingbyName.csproj", "{A4C52726-0482-4EEA-91EB-54BED09E8D2B}"
EndProject
Global
	GlobalSection(SolutionConfigurationPlatforms) = preSolution
		Debug|Any CPU = Debug|Any CPU
		Release|Any CPU = Release|Any CPU
	EndGlobalSection
	GlobalSection(ProjectConfigurationPlatforms) = postSolution
		{38F0D9EB-7725-4F6F-A781-D960422DA64E}.Debug|Any CPU.ActiveCfg = Debug|Any CPU
		{38F0D9EB-7725-4F6F-A781-D960422DA64E}.Debug|Any CPU.Build.0 = Debug|Any CPU
		{38F0D9EB-7725-4F6F-A781-D960422DA64E}.Release|Any CPU.ActiveCfg = Release|Any CPU
		{38F0D9EB-7725-4F6F-A781-D960422DA64E}.Release|Any CPU.Build.0 = Release|Any CPU
		{98ED1540-EABB-4924-A54B-31D807ACC71D}.Debug|Any CPU.ActiveCfg = Debug|Any CPU
		{98ED1540-EABB-4924-A54B-31D807ACC71D}.Debug|Any CPU.Build.0 = Debug|Any CPU
		{98ED1540-EABB-4924-A54B-31D807ACC71D}.Release|Any CPU.ActiveCfg = Release|Any CPU
		{98ED1540-EABB-4924-A54B-31D807ACC71D}.Release|Any CPU.Build.0 = Release|Any CPU
		{0E9A84B9-B53D-4DE9-AF5A-6F530A6A26EC}.Debug|Any CPU.ActiveCfg = Debug|Any CPU
		{0E9A84B9-B53D-4DE9-AF5A-6F530A6A26EC}.Debug|Any CPU.Build.0 = Debug|Any CPU
		{0E9A84B9-B53D-4DE9-AF5A-6F530A6A26EC}.Release|Any CPU.ActiveCfg = Release|Any CPU
		{0E9A84B9-B53D-4DE9-AF5A-6F530A6A26EC}.Release|Any CPU.Build.0 = Release|Any CPU
		{96B44819-A0E5-461E-A6BB-599B80CA2A17}.Debug|Any CPU.ActiveCfg = Debug|Any CPU
		{96B44819-A0E5-461E-A6BB-599B80CA2A17}.Debug|Any CPU.Build.0 = Debug|Any CPU
		{96B44819-A0E5-461E-A6BB-599B80CA2A17}.Release|Any CPU.ActiveCfg = Release|Any CPU
		{96B44819-A0E5-461E-A6BB-599B80CA2A17}.Release|Any CPU.Build.0 = Release|Any CPU
		{A4C52726-0482-4EEA-91EB-54BED09E8D2B}.Debug|Any CPU.ActiveCfg = Debug|Any CPU
		{A4C52726-0482-4EEA-91EB-54BED09E8D2B}.Debug|Any CPU.Build.0 = Debug|Any CPU
		{A4C52726-0482-4EEA-91EB-54BED09E8D2B}.Release|Any CPU.ActiveCfg = Release|Any CPU
		{A4C52726-0482-4EEA-91EB-54BED09E8D2B}.Release|Any CPU.Build.0 = Release|Any CPU
	EndGlobalSection
EndGlobal
