
Microsoft Visual Studio Solution File, Format Version 12.00
Project("{FAE04EC0-301F-11D3-BF4B-00C04F79EFBC}") = "OldBooks", "OldBooks\OldBooks.csproj", "{28AFBACA-F208-4410-887D-46A14A2A3074}"
EndProject
Project("{FAE04EC0-301F-11D3-BF4B-00C04F79EFBC}") = "ExamPreparation", "ExamPreparation\ExamPreparation.csproj", "{0652450E-E44D-4FC3-BE43-C7C1366F9F8E}"
EndProject
Project("{FAE04EC0-301F-11D3-BF4B-00C04F79EFBC}") = "Vacation", "Vacation\Vacation.csproj", "{3F84D365-8809-4DBC-AD2B-F3B54C7DF176}"
EndProject
Project("{FAE04EC0-301F-11D3-BF4B-00C04F79EFBC}") = "Walking", "Walking\Walking.csproj", "{23CA8A0E-8693-4180-9C96-C96A85354DCE}"
EndProject
Project("{FAE04EC0-301F-11D3-BF4B-00C04F79EFBC}") = "Coins", "Coins\Coins.csproj", "{8A40748B-CC7F-4691-AA75-0B46D8669DFC}"
EndProject
Project("{FAE04EC0-301F-11D3-BF4B-00C04F79EFBC}") = "Cake", "Cake\Cake.csproj", "{2B192574-3ED3-4097-8161-4D0B811C0D60}"
EndProject
Project("{FAE04EC0-301F-11D3-BF4B-00C04F79EFBC}") = "Moving", "Moving\Moving.csproj", "{ABA21A61-F60B-4B1B-A145-069100CB81DB}"
EndProject
Global
	GlobalSection(SolutionConfigurationPlatforms) = preSolution
		Debug|Any CPU = Debug|Any CPU
		Release|Any CPU = Release|Any CPU
	EndGlobalSection
	GlobalSection(ProjectConfigurationPlatforms) = postSolution
		{28AFBACA-F208-4410-887D-46A14A2A3074}.Debug|Any CPU.ActiveCfg = Debug|Any CPU
		{28AFBACA-F208-4410-887D-46A14A2A3074}.Debug|Any CPU.Build.0 = Debug|Any CPU
		{28AFBACA-F208-4410-887D-46A14A2A3074}.Release|Any CPU.ActiveCfg = Release|Any CPU
		{28AFBACA-F208-4410-887D-46A14A2A3074}.Release|Any CPU.Build.0 = Release|Any CPU
		{0652450E-E44D-4FC3-BE43-C7C1366F9F8E}.Debug|Any CPU.ActiveCfg = Debug|Any CPU
		{0652450E-E44D-4FC3-BE43-C7C1366F9F8E}.Debug|Any CPU.Build.0 = Debug|Any CPU
		{0652450E-E44D-4FC3-BE43-C7C1366F9F8E}.Release|Any CPU.ActiveCfg = Release|Any CPU
		{0652450E-E44D-4FC3-BE43-C7C1366F9F8E}.Release|Any CPU.Build.0 = Release|Any CPU
		{3F84D365-8809-4DBC-AD2B-F3B54C7DF176}.Debug|Any CPU.ActiveCfg = Debug|Any CPU
		{3F84D365-8809-4DBC-AD2B-F3B54C7DF176}.Debug|Any CPU.Build.0 = Debug|Any CPU
		{3F84D365-8809-4DBC-AD2B-F3B54C7DF176}.Release|Any CPU.ActiveCfg = Release|Any CPU
		{3F84D365-8809-4DBC-AD2B-F3B54C7DF176}.Release|Any CPU.Build.0 = Release|Any CPU
		{23CA8A0E-8693-4180-9C96-C96A85354DCE}.Debug|Any CPU.ActiveCfg = Debug|Any CPU
		{23CA8A0E-8693-4180-9C96-C96A85354DCE}.Debug|Any CPU.Build.0 = Debug|Any CPU
		{23CA8A0E-8693-4180-9C96-C96A85354DCE}.Release|Any CPU.ActiveCfg = Release|Any CPU
		{23CA8A0E-8693-4180-9C96-C96A85354DCE}.Release|Any CPU.Build.0 = Release|Any CPU
		{8A40748B-CC7F-4691-AA75-0B46D8669DFC}.Debug|Any CPU.ActiveCfg = Debug|Any CPU
		{8A40748B-CC7F-4691-AA75-0B46D8669DFC}.Debug|Any CPU.Build.0 = Debug|Any CPU
		{8A40748B-CC7F-4691-AA75-0B46D8669DFC}.Release|Any CPU.ActiveCfg = Release|Any CPU
		{8A40748B-CC7F-4691-AA75-0B46D8669DFC}.Release|Any CPU.Build.0 = Release|Any CPU
		{2B192574-3ED3-4097-8161-4D0B811C0D60}.Debug|Any CPU.ActiveCfg = Debug|Any CPU
		{2B192574-3ED3-4097-8161-4D0B811C0D60}.Debug|Any CPU.Build.0 = Debug|Any CPU
		{2B192574-3ED3-4097-8161-4D0B811C0D60}.Release|Any CPU.ActiveCfg = Release|Any CPU
		{2B192574-3ED3-4097-8161-4D0B811C0D60}.Release|Any CPU.Build.0 = Release|Any CPU
		{ABA21A61-F60B-4B1B-A145-069100CB81DB}.Debug|Any CPU.ActiveCfg = Debug|Any CPU
		{ABA21A61-F60B-4B1B-A145-069100CB81DB}.Debug|Any CPU.Build.0 = Debug|Any CPU
		{ABA21A61-F60B-4B1B-A145-069100CB81DB}.Release|Any CPU.ActiveCfg = Release|Any CPU
		{ABA21A61-F60B-4B1B-A145-069100CB81DB}.Release|Any CPU.Build.0 = Release|Any CPU
	EndGlobalSection
EndGlobal
