
Microsoft Visual Studio Solution File, Format Version 12.00
Project("{FAE04EC0-301F-11D3-BF4B-00C04F79EFBC}") = "OldBooks", "OldBooks\OldBooks.csproj", "{28AFBACA-F208-4410-887D-46A14A2A3074}"
EndProject
Global
	GlobalSection(SolutionConfigurationPlatforms) = preSolution
		Debug|Any CPU = Debug|Any CPU
		Release|Any CPU = Release|Any CPU
	EndGlobalSection
	GlobalSection(ProjectConfigurationPlatforms) = postSolution
		{28AFBACA-F208-4410-887D-46A14A2A3074}.Debug|Any CPU.ActiveCfg = Debug|Any CPU
		{28AFBACA-F208-4410-887D-46A14A2A3074}.Debug|Any CPU.Build.0 = Debug|Any CPU
		{28AFBACA-F208-4410-887D-46A14A2A3074}.Release|Any CPU.ActiveCfg = Release|Any CPU
		{28AFBACA-F208-4410-887D-46A14A2A3074}.Release|Any CPU.Build.0 = Release|Any CPU
	EndGlobalSection
EndGlobal
