
Microsoft Visual Studio Solution File, Format Version 12.00
Project("{FAE04EC0-301F-11D3-BF4B-00C04F79EFBC}") = "NumberPyramid", "NumberPyramid\NumberPyramid.csproj", "{61FCB6A2-8337-4538-BE83-539E8E8741CA}"
EndProject
Global
	GlobalSection(SolutionConfigurationPlatforms) = preSolution
		Debug|Any CPU = Debug|Any CPU
		Release|Any CPU = Release|Any CPU
	EndGlobalSection
	GlobalSection(ProjectConfigurationPlatforms) = postSolution
		{61FCB6A2-8337-4538-BE83-539E8E8741CA}.Debug|Any CPU.ActiveCfg = Debug|Any CPU
		{61FCB6A2-8337-4538-BE83-539E8E8741CA}.Debug|Any CPU.Build.0 = Debug|Any CPU
		{61FCB6A2-8337-4538-BE83-539E8E8741CA}.Release|Any CPU.ActiveCfg = Release|Any CPU
		{61FCB6A2-8337-4538-BE83-539E8E8741CA}.Release|Any CPU.Build.0 = Release|Any CPU
	EndGlobalSection
EndGlobal
