
Microsoft Visual Studio Solution File, Format Version 12.00
Project("{FAE04EC0-301F-11D3-BF4B-00C04F79EFBC}") = "ExcellentResult", "ExcellentResult\ExcellentResult.csproj", "{E8715D8E-B0E0-4BE6-ADA5-7E871924FFDA}"
EndProject
Project("{FAE04EC0-301F-11D3-BF4B-00C04F79EFBC}") = "GreaterNumber", "GreaterNumber\GreaterNumber.csproj", "{417040E1-4F75-4DA5-81C6-2D9FE406E54F}"
EndProject
Project("{FAE04EC0-301F-11D3-BF4B-00C04F79EFBC}") = "EvenorOdd", "EvenorOdd\EvenorOdd.csproj", "{84489FD2-FE72-4ED4-AD27-78355A7CCE3A}"
EndProject
Project("{FAE04EC0-301F-11D3-BF4B-00C04F79EFBC}") = "PasswordGuess", "PasswordGuess\PasswordGuess.csproj", "{E57D627A-025D-4FF1-8DFB-63ED9B031402}"
EndProject
Global
	GlobalSection(SolutionConfigurationPlatforms) = preSolution
		Debug|Any CPU = Debug|Any CPU
		Release|Any CPU = Release|Any CPU
	EndGlobalSection
	GlobalSection(ProjectConfigurationPlatforms) = postSolution
		{E8715D8E-B0E0-4BE6-ADA5-7E871924FFDA}.Debug|Any CPU.ActiveCfg = Debug|Any CPU
		{E8715D8E-B0E0-4BE6-ADA5-7E871924FFDA}.Debug|Any CPU.Build.0 = Debug|Any CPU
		{E8715D8E-B0E0-4BE6-ADA5-7E871924FFDA}.Release|Any CPU.ActiveCfg = Release|Any CPU
		{E8715D8E-B0E0-4BE6-ADA5-7E871924FFDA}.Release|Any CPU.Build.0 = Release|Any CPU
		{417040E1-4F75-4DA5-81C6-2D9FE406E54F}.Debug|Any CPU.ActiveCfg = Debug|Any CPU
		{417040E1-4F75-4DA5-81C6-2D9FE406E54F}.Debug|Any CPU.Build.0 = Debug|Any CPU
		{417040E1-4F75-4DA5-81C6-2D9FE406E54F}.Release|Any CPU.ActiveCfg = Release|Any CPU
		{417040E1-4F75-4DA5-81C6-2D9FE406E54F}.Release|Any CPU.Build.0 = Release|Any CPU
		{84489FD2-FE72-4ED4-AD27-78355A7CCE3A}.Debug|Any CPU.ActiveCfg = Debug|Any CPU
		{84489FD2-FE72-4ED4-AD27-78355A7CCE3A}.Debug|Any CPU.Build.0 = Debug|Any CPU
		{84489FD2-FE72-4ED4-AD27-78355A7CCE3A}.Release|Any CPU.ActiveCfg = Release|Any CPU
		{84489FD2-FE72-4ED4-AD27-78355A7CCE3A}.Release|Any CPU.Build.0 = Release|Any CPU
		{E57D627A-025D-4FF1-8DFB-63ED9B031402}.Debug|Any CPU.ActiveCfg = Debug|Any CPU
		{E57D627A-025D-4FF1-8DFB-63ED9B031402}.Debug|Any CPU.Build.0 = Debug|Any CPU
		{E57D627A-025D-4FF1-8DFB-63ED9B031402}.Release|Any CPU.ActiveCfg = Release|Any CPU
		{E57D627A-025D-4FF1-8DFB-63ED9B031402}.Release|Any CPU.Build.0 = Release|Any CPU
	EndGlobalSection
EndGlobal
