
Microsoft Visual Studio Solution File, Format Version 12.00
Project("{FAE04EC0-301F-11D3-BF4B-00C04F79EFBC}") = "Cinema", "Cinema\Cinema.csproj", "{16445881-AA50-4301-9849-EDB8E5073B94}"
EndProject
Project("{FAE04EC0-301F-11D3-BF4B-00C04F79EFBC}") = "SummerOutfit", "SummerOutfit\SummerOutfit.csproj", "{48A9B9F2-ABB4-4518-A32F-CCEE760DAD74}"
EndProject
Project("{FAE04EC0-301F-11D3-BF4B-00C04F79EFBC}") = "NewHouse", "NewHouse\NewHouse.csproj", "{59AC95F5-D5DA-4B16-80C2-A56C74351DD3}"
EndProject
Project("{FAE04EC0-301F-11D3-BF4B-00C04F79EFBC}") = "FishingBoat", "FishingBoat\FishingBoat.csproj", "{85643AA5-0E98-4197-BACD-E3A74221265F}"
EndProject
Project("{FAE04EC0-301F-11D3-BF4B-00C04F79EFBC}") = "Journey", "Journey\Journey.csproj", "{049823DD-83AB-45A2-BADA-63F35F48F51A}"
EndProject
Project("{FAE04EC0-301F-11D3-BF4B-00C04F79EFBC}") = "OperationsBetweenNumbers", "OperationsBetweenNumbers\OperationsBetweenNumbers.csproj", "{6B556301-F897-4C76-9C43-7FB1F66B64B6}"
EndProject
Project("{FAE04EC0-301F-11D3-BF4B-00C04F79EFBC}") = "HotelRoom", "HotelRoom\HotelRoom.csproj", "{EF57D19B-D5BD-42B7-9B60-38EF1AC19461}"
EndProject
Project("{FAE04EC0-301F-11D3-BF4B-00C04F79EFBC}") = "OnTimefortheExam", "OnTimefortheExam\OnTimefortheExam.csproj", "{268B4B6D-ADFF-42D4-BD86-BAE4ECD43CFB}"
EndProject
Project("{FAE04EC0-301F-11D3-BF4B-00C04F79EFBC}") = "SkiTrip", "SkiTrip\SkiTrip.csproj", "{91BB1B33-1BFE-4B61-A0BF-4875CA124E65}"
EndProject
Global
	GlobalSection(SolutionConfigurationPlatforms) = preSolution
		Debug|Any CPU = Debug|Any CPU
		Release|Any CPU = Release|Any CPU
	EndGlobalSection
	GlobalSection(ProjectConfigurationPlatforms) = postSolution
		{16445881-AA50-4301-9849-EDB8E5073B94}.Debug|Any CPU.ActiveCfg = Debug|Any CPU
		{16445881-AA50-4301-9849-EDB8E5073B94}.Debug|Any CPU.Build.0 = Debug|Any CPU
		{16445881-AA50-4301-9849-EDB8E5073B94}.Release|Any CPU.ActiveCfg = Release|Any CPU
		{16445881-AA50-4301-9849-EDB8E5073B94}.Release|Any CPU.Build.0 = Release|Any CPU
		{48A9B9F2-ABB4-4518-A32F-CCEE760DAD74}.Debug|Any CPU.ActiveCfg = Debug|Any CPU
		{48A9B9F2-ABB4-4518-A32F-CCEE760DAD74}.Debug|Any CPU.Build.0 = Debug|Any CPU
		{48A9B9F2-ABB4-4518-A32F-CCEE760DAD74}.Release|Any CPU.ActiveCfg = Release|Any CPU
		{48A9B9F2-ABB4-4518-A32F-CCEE760DAD74}.Release|Any CPU.Build.0 = Release|Any CPU
		{59AC95F5-D5DA-4B16-80C2-A56C74351DD3}.Debug|Any CPU.ActiveCfg = Debug|Any CPU
		{59AC95F5-D5DA-4B16-80C2-A56C74351DD3}.Debug|Any CPU.Build.0 = Debug|Any CPU
		{59AC95F5-D5DA-4B16-80C2-A56C74351DD3}.Release|Any CPU.ActiveCfg = Release|Any CPU
		{59AC95F5-D5DA-4B16-80C2-A56C74351DD3}.Release|Any CPU.Build.0 = Release|Any CPU
		{85643AA5-0E98-4197-BACD-E3A74221265F}.Debug|Any CPU.ActiveCfg = Debug|Any CPU
		{85643AA5-0E98-4197-BACD-E3A74221265F}.Debug|Any CPU.Build.0 = Debug|Any CPU
		{85643AA5-0E98-4197-BACD-E3A74221265F}.Release|Any CPU.ActiveCfg = Release|Any CPU
		{85643AA5-0E98-4197-BACD-E3A74221265F}.Release|Any CPU.Build.0 = Release|Any CPU
		{049823DD-83AB-45A2-BADA-63F35F48F51A}.Debug|Any CPU.ActiveCfg = Debug|Any CPU
		{049823DD-83AB-45A2-BADA-63F35F48F51A}.Debug|Any CPU.Build.0 = Debug|Any CPU
		{049823DD-83AB-45A2-BADA-63F35F48F51A}.Release|Any CPU.ActiveCfg = Release|Any CPU
		{049823DD-83AB-45A2-BADA-63F35F48F51A}.Release|Any CPU.Build.0 = Release|Any CPU
		{6B556301-F897-4C76-9C43-7FB1F66B64B6}.Debug|Any CPU.ActiveCfg = Debug|Any CPU
		{6B556301-F897-4C76-9C43-7FB1F66B64B6}.Debug|Any CPU.Build.0 = Debug|Any CPU
		{6B556301-F897-4C76-9C43-7FB1F66B64B6}.Release|Any CPU.ActiveCfg = Release|Any CPU
		{6B556301-F897-4C76-9C43-7FB1F66B64B6}.Release|Any CPU.Build.0 = Release|Any CPU
		{EF57D19B-D5BD-42B7-9B60-38EF1AC19461}.Debug|Any CPU.ActiveCfg = Debug|Any CPU
		{EF57D19B-D5BD-42B7-9B60-38EF1AC19461}.Debug|Any CPU.Build.0 = Debug|Any CPU
		{EF57D19B-D5BD-42B7-9B60-38EF1AC19461}.Release|Any CPU.ActiveCfg = Release|Any CPU
		{EF57D19B-D5BD-42B7-9B60-38EF1AC19461}.Release|Any CPU.Build.0 = Release|Any CPU
		{268B4B6D-ADFF-42D4-BD86-BAE4ECD43CFB}.Debug|Any CPU.ActiveCfg = Debug|Any CPU
		{268B4B6D-ADFF-42D4-BD86-BAE4ECD43CFB}.Debug|Any CPU.Build.0 = Debug|Any CPU
		{268B4B6D-ADFF-42D4-BD86-BAE4ECD43CFB}.Release|Any CPU.ActiveCfg = Release|Any CPU
		{268B4B6D-ADFF-42D4-BD86-BAE4ECD43CFB}.Release|Any CPU.Build.0 = Release|Any CPU
		{91BB1B33-1BFE-4B61-A0BF-4875CA124E65}.Debug|Any CPU.ActiveCfg = Debug|Any CPU
		{91BB1B33-1BFE-4B61-A0BF-4875CA124E65}.Debug|Any CPU.Build.0 = Debug|Any CPU
		{91BB1B33-1BFE-4B61-A0BF-4875CA124E65}.Release|Any CPU.ActiveCfg = Release|Any CPU
		{91BB1B33-1BFE-4B61-A0BF-4875CA124E65}.Release|Any CPU.Build.0 = Release|Any CPU
	EndGlobalSection
EndGlobal
