
Microsoft Visual Studio Solution File, Format Version 12.00
Project("{FAE04EC0-301F-11D3-BF4B-00C04F79EFBC}") = "SumSeconds", "SumSeconds\SumSeconds.csproj", "{4C641196-F7E9-413C-9DB8-77F0B572C8C8}"
EndProject
Project("{FAE04EC0-301F-11D3-BF4B-00C04F79EFBC}") = "BonusScore", "BonusScore\BonusScore.csproj", "{78033080-2D4F-4E94-8775-48428CB5A9BC}"
EndProject
Project("{FAE04EC0-301F-11D3-BF4B-00C04F79EFBC}") = "TimePlus15Minutes", "TimePlus15Minutes\TimePlus15Minutes.csproj", "{409AC894-DA64-4EAD-B84B-A11C25136E93}"
EndProject
Project("{FAE04EC0-301F-11D3-BF4B-00C04F79EFBC}") = "ToyShop", "ToyShop\ToyShop.csproj", "{8C03682F-E150-42BA-B895-E78A5CA14359}"
EndProject
Project("{FAE04EC0-301F-11D3-BF4B-00C04F79EFBC}") = "Godzillavs.Kong", "Godzillavs.Kong\Godzillavs.Kong.csproj", "{DB95ED0B-FBCB-4BD1-87B4-D4E147B7E910}"
EndProject
Project("{FAE04EC0-301F-11D3-BF4B-00C04F79EFBC}") = "WorldSwimmingRecord", "WorldSwimmingRecord\WorldSwimmingRecord.csproj", "{72F962F0-260E-41EB-9948-513242F48ED9}"
EndProject
Project("{FAE04EC0-301F-11D3-BF4B-00C04F79EFBC}") = "Shopping", "Shopping\Shopping.csproj", "{84A86021-BC70-471D-B56F-6BF89E809BA2}"
EndProject
Project("{FAE04EC0-301F-11D3-BF4B-00C04F79EFBC}") = "LunchBreak", "LunchBreak\LunchBreak.csproj", "{949DF912-C178-41A0-9328-08EF7DC98B60}"
EndProject
Global
	GlobalSection(SolutionConfigurationPlatforms) = preSolution
		Debug|Any CPU = Debug|Any CPU
		Release|Any CPU = Release|Any CPU
	EndGlobalSection
	GlobalSection(ProjectConfigurationPlatforms) = postSolution
		{4C641196-F7E9-413C-9DB8-77F0B572C8C8}.Debug|Any CPU.ActiveCfg = Debug|Any CPU
		{4C641196-F7E9-413C-9DB8-77F0B572C8C8}.Debug|Any CPU.Build.0 = Debug|Any CPU
		{4C641196-F7E9-413C-9DB8-77F0B572C8C8}.Release|Any CPU.ActiveCfg = Release|Any CPU
		{4C641196-F7E9-413C-9DB8-77F0B572C8C8}.Release|Any CPU.Build.0 = Release|Any CPU
		{78033080-2D4F-4E94-8775-48428CB5A9BC}.Debug|Any CPU.ActiveCfg = Debug|Any CPU
		{78033080-2D4F-4E94-8775-48428CB5A9BC}.Debug|Any CPU.Build.0 = Debug|Any CPU
		{78033080-2D4F-4E94-8775-48428CB5A9BC}.Release|Any CPU.ActiveCfg = Release|Any CPU
		{78033080-2D4F-4E94-8775-48428CB5A9BC}.Release|Any CPU.Build.0 = Release|Any CPU
		{409AC894-DA64-4EAD-B84B-A11C25136E93}.Debug|Any CPU.ActiveCfg = Debug|Any CPU
		{409AC894-DA64-4EAD-B84B-A11C25136E93}.Debug|Any CPU.Build.0 = Debug|Any CPU
		{409AC894-DA64-4EAD-B84B-A11C25136E93}.Release|Any CPU.ActiveCfg = Release|Any CPU
		{409AC894-DA64-4EAD-B84B-A11C25136E93}.Release|Any CPU.Build.0 = Release|Any CPU
		{8C03682F-E150-42BA-B895-E78A5CA14359}.Debug|Any CPU.ActiveCfg = Debug|Any CPU
		{8C03682F-E150-42BA-B895-E78A5CA14359}.Debug|Any CPU.Build.0 = Debug|Any CPU
		{8C03682F-E150-42BA-B895-E78A5CA14359}.Release|Any CPU.ActiveCfg = Release|Any CPU
		{8C03682F-E150-42BA-B895-E78A5CA14359}.Release|Any CPU.Build.0 = Release|Any CPU
		{DB95ED0B-FBCB-4BD1-87B4-D4E147B7E910}.Debug|Any CPU.ActiveCfg = Debug|Any CPU
		{DB95ED0B-FBCB-4BD1-87B4-D4E147B7E910}.Debug|Any CPU.Build.0 = Debug|Any CPU
		{DB95ED0B-FBCB-4BD1-87B4-D4E147B7E910}.Release|Any CPU.ActiveCfg = Release|Any CPU
		{DB95ED0B-FBCB-4BD1-87B4-D4E147B7E910}.Release|Any CPU.Build.0 = Release|Any CPU
		{72F962F0-260E-41EB-9948-513242F48ED9}.Debug|Any CPU.ActiveCfg = Debug|Any CPU
		{72F962F0-260E-41EB-9948-513242F48ED9}.Debug|Any CPU.Build.0 = Debug|Any CPU
		{72F962F0-260E-41EB-9948-513242F48ED9}.Release|Any CPU.ActiveCfg = Release|Any CPU
		{72F962F0-260E-41EB-9948-513242F48ED9}.Release|Any CPU.Build.0 = Release|Any CPU
		{84A86021-BC70-471D-B56F-6BF89E809BA2}.Debug|Any CPU.ActiveCfg = Debug|Any CPU
		{84A86021-BC70-471D-B56F-6BF89E809BA2}.Debug|Any CPU.Build.0 = Debug|Any CPU
		{84A86021-BC70-471D-B56F-6BF89E809BA2}.Release|Any CPU.ActiveCfg = Release|Any CPU
		{84A86021-BC70-471D-B56F-6BF89E809BA2}.Release|Any CPU.Build.0 = Release|Any CPU
		{949DF912-C178-41A0-9328-08EF7DC98B60}.Debug|Any CPU.ActiveCfg = Debug|Any CPU
		{949DF912-C178-41A0-9328-08EF7DC98B60}.Debug|Any CPU.Build.0 = Debug|Any CPU
		{949DF912-C178-41A0-9328-08EF7DC98B60}.Release|Any CPU.ActiveCfg = Release|Any CPU
		{949DF912-C178-41A0-9328-08EF7DC98B60}.Release|Any CPU.Build.0 = Release|Any CPU
	EndGlobalSection
EndGlobal
